
Microsoft Visual Studio Solution File, Format Version 12.00
# Visual Studio Version 17
VisualStudioVersion = 17.7.34221.43
MinimumVisualStudioVersion = 10.0.40219.1
Project("{9A19103F-16F7-4668-BE54-9A1E7A4F7556}") = "DBClassLibrary", "DBClassLibrary\DBClassLibrary.csproj", "{F979182B-8C92-412D-B11D-7B4873561D70}"
EndProject
Project("{9A19103F-16F7-4668-BE54-9A1E7A4F7556}") = "CommonLibrary", "CommonLibrary\CommonLibrary.csproj", "{8617547C-0A37-4AB5-8602-A8748CC12441}"
EndProject
Global
	GlobalSection(SolutionConfigurationPlatforms) = preSolution
		Debug|Any CPU = Debug|Any CPU
		Release|Any CPU = Release|Any CPU
	EndGlobalSection
	GlobalSection(ProjectConfigurationPlatforms) = postSolution
		{F979182B-8C92-412D-B11D-7B4873561D70}.Debug|Any CPU.ActiveCfg = Debug|Any CPU
		{F979182B-8C92-412D-B11D-7B4873561D70}.Debug|Any CPU.Build.0 = Debug|Any CPU
		{F979182B-8C92-412D-B11D-7B4873561D70}.Release|Any CPU.ActiveCfg = Release|Any CPU
		{F979182B-8C92-412D-B11D-7B4873561D70}.Release|Any CPU.Build.0 = Release|Any CPU
		{8617547C-0A37-4AB5-8602-A8748CC12441}.Debug|Any CPU.ActiveCfg = Debug|Any CPU
		{8617547C-0A37-4AB5-8602-A8748CC12441}.Debug|Any CPU.Build.0 = Debug|Any CPU
		{8617547C-0A37-4AB5-8602-A8748CC12441}.Release|Any CPU.ActiveCfg = Release|Any CPU
		{8617547C-0A37-4AB5-8602-A8748CC12441}.Release|Any CPU.Build.0 = Release|Any CPU
	EndGlobalSection
	GlobalSection(SolutionProperties) = preSolution
		HideSolutionNode = FALSE
	EndGlobalSection
	GlobalSection(ExtensibilityGlobals) = postSolution
		SolutionGuid = {520CCAA2-8BCE-4734-847C-581CCF574F2B}
	EndGlobalSection
EndGlobal
